// !$*UTF8*$!
{
	archiveVersion = 1;
	classes = {
	};
	objectVersion = 77;
	objects = {

/* Begin PBXBuildFile section */
		B90ECB192DE1A49F00D51AFC /* FirebaseAI in Frameworks */ = {isa = PBXBuildFile; productRef = B90ECB182DE1A49F00D51AFC /* FirebaseAI */; };
		B90ECB1B2DE1A49F00D51AFC /* FirebaseAnalytics in Frameworks */ = {isa = PBXBuildFile; productRef = B90ECB1A2DE1A49F00D51AFC /* FirebaseAnalytics */; };
		B90ECB1D2DE1A49F00D51AFC /* FirebaseAnalyticsOnDeviceConversion in Frameworks */ = {isa = PBXBuildFile; productRef = B90ECB1C2DE1A49F00D51AFC /* FirebaseAnalyticsOnDeviceConversion */; };
		B90ECB1F2DE1A49F00D51AFC /* FirebaseAnalyticsWithoutAdIdSupport in Frameworks */ = {isa = PBXBuildFile; productRef = B90ECB1E2DE1A49F00D51AFC /* FirebaseAnalyticsWithoutAdIdSupport */; };
		B90ECB212DE1A49F00D51AFC /* FirebaseAppCheck in Frameworks */ = {isa = PBXBuildFile; productRef = B90ECB202DE1A49F00D51AFC /* FirebaseAppCheck */; };
		B90ECB232DE1A49F00D51AFC /* FirebaseAppDistribution-Beta in Frameworks */ = {isa = PBXBuildFile; productRef = B90ECB222DE1A49F00D51AFC /* FirebaseAppDistribution-Beta */; };
		B90ECB252DE1A49F00D51AFC /* FirebaseAuth in Frameworks */ = {isa = PBXBuildFile; productRef = B90ECB242DE1A49F00D51AFC /* FirebaseAuth */; };
		B90ECB272DE1A49F00D51AFC /* FirebaseAuthCombine-Community in Frameworks */ = {isa = PBXBuildFile; productRef = B90ECB262DE1A49F00D51AFC /* FirebaseAuthCombine-Community */; };
		B90ECB292DE1A49F00D51AFC /* FirebaseCore in Frameworks */ = {isa = PBXBuildFile; productRef = B90ECB282DE1A49F00D51AFC /* FirebaseCore */; };
		B90ECB2B2DE1A49F00D51AFC /* FirebaseCrashlytics in Frameworks */ = {isa = PBXBuildFile; productRef = B90ECB2A2DE1A49F00D51AFC /* FirebaseCrashlytics */; };
		B90ECB2D2DE1A49F00D51AFC /* FirebaseDatabase in Frameworks */ = {isa = PBXBuildFile; productRef = B90ECB2C2DE1A49F00D51AFC /* FirebaseDatabase */; };
		B90ECB2F2DE1A49F00D51AFC /* FirebaseDynamicLinks in Frameworks */ = {isa = PBXBuildFile; productRef = B90ECB2E2DE1A49F00D51AFC /* FirebaseDynamicLinks */; };
		B90ECB312DE1A49F00D51AFC /* FirebaseFirestore in Frameworks */ = {isa = PBXBuildFile; productRef = B90ECB302DE1A49F00D51AFC /* FirebaseFirestore */; };
		B90ECB332DE1A49F00D51AFC /* FirebaseFirestoreCombine-Community in Frameworks */ = {isa = PBXBuildFile; productRef = B90ECB322DE1A49F00D51AFC /* FirebaseFirestoreCombine-Community */; };
		B90ECB352DE1A49F00D51AFC /* FirebaseFunctions in Frameworks */ = {isa = PBXBuildFile; productRef = B90ECB342DE1A49F00D51AFC /* FirebaseFunctions */; };
		B90ECB372DE1A49F00D51AFC /* FirebaseFunctionsCombine-Community in Frameworks */ = {isa = PBXBuildFile; productRef = B90ECB362DE1A49F00D51AFC /* FirebaseFunctionsCombine-Community */; };
		B90ECB392DE1A49F00D51AFC /* FirebaseInAppMessaging-Beta in Frameworks */ = {isa = PBXBuildFile; productRef = B90ECB382DE1A49F00D51AFC /* FirebaseInAppMessaging-Beta */; };
		B90ECB3B2DE1A49F00D51AFC /* FirebaseInstallations in Frameworks */ = {isa = PBXBuildFile; productRef = B90ECB3A2DE1A49F00D51AFC /* FirebaseInstallations */; };
		B90ECB3D2DE1A49F00D51AFC /* FirebaseMessaging in Frameworks */ = {isa = PBXBuildFile; productRef = B90ECB3C2DE1A49F00D51AFC /* FirebaseMessaging */; };
		B90ECB3F2DE1A49F00D51AFC /* FirebaseMLModelDownloader in Frameworks */ = {isa = PBXBuildFile; productRef = B90ECB3E2DE1A49F00D51AFC /* FirebaseMLModelDownloader */; };
		B90ECB412DE1A49F00D51AFC /* FirebasePerformance in Frameworks */ = {isa = PBXBuildFile; productRef = B90ECB402DE1A49F00D51AFC /* FirebasePerformance */; };
		B90ECB432DE1A49F00D51AFC /* FirebaseRemoteConfig in Frameworks */ = {isa = PBXBuildFile; productRef = B90ECB422DE1A49F00D51AFC /* FirebaseRemoteConfig */; };
		B90ECB452DE1A49F00D51AFC /* FirebaseStorage in Frameworks */ = {isa = PBXBuildFile; productRef = B90ECB442DE1A49F00D51AFC /* FirebaseStorage */; };
		B90ECB472DE1A49F00D51AFC /* FirebaseStorageCombine-Community in Frameworks */ = {isa = PBXBuildFile; productRef = B90ECB462DE1A49F00D51AFC /* FirebaseStorageCombine-Community */; };
		B90ECB492DE1A49F00D51AFC /* FirebaseVertexAI in Frameworks */ = {isa = PBXBuildFile; productRef = B90ECB482DE1A49F00D51AFC /* FirebaseVertexAI */; };
		B90ECB582DE1ACE400D51AFC /* GoogleSignIn in Frameworks */ = {isa = PBXBuildFile; productRef = B90ECB572DE1ACE400D51AFC /* GoogleSignIn */; };
		B90ECB5A2DE1ACED00D51AFC /* GoogleSignInSwift in Frameworks */ = {isa = PBXBuildFile; productRef = B90ECB592DE1ACED00D51AFC /* GoogleSignInSwift */; };
		B90ECB5C2DE1AEAE00D51AFC /* GoogleService-Info.plist in Resources */ = {isa = PBXBuildFile; fileRef = B90ECB5B2DE1AEAE00D51AFC /* GoogleService-Info.plist */; };
/* End PBXBuildFile section */

/* Begin PBXContainerItemProxy section */
		B90ECAFA2DE19F8600D51AFC /* PBXContainerItemProxy */ = {
			isa = PBXContainerItemProxy;
			containerPortal = B90ECAE42DE19F8300D51AFC /* Project object */;
			proxyType = 1;
			remoteGlobalIDString = B90ECAEB2DE19F8400D51AFC;
			remoteInfo = Wall;
		};
		B90ECB042DE19F8600D51AFC /* PBXContainerItemProxy */ = {
			isa = PBXContainerItemProxy;
			containerPortal = B90ECAE42DE19F8300D51AFC /* Project object */;
			proxyType = 1;
			remoteGlobalIDString = B90ECAEB2DE19F8400D51AFC;
			remoteInfo = Wall;
		};
/* End PBXContainerItemProxy section */

/* Begin PBXFileReference section */
		B90ECAEC2DE19F8400D51AFC /* Wall.app */ = {isa = PBXFileReference; explicitFileType = wrapper.application; includeInIndex = 0; path = Wall.app; sourceTree = BUILT_PRODUCTS_DIR; };
		B90ECAF92DE19F8600D51AFC /* WallTests.xctest */ = {isa = PBXFileReference; explicitFileType = wrapper.cfbundle; includeInIndex = 0; path = WallTests.xctest; sourceTree = BUILT_PRODUCTS_DIR; };
		B90ECB032DE19F8600D51AFC /* WallUITests.xctest */ = {isa = PBXFileReference; explicitFileType = wrapper.cfbundle; includeInIndex = 0; path = WallUITests.xctest; sourceTree = BUILT_PRODUCTS_DIR; };
		B90ECB5B2DE1AEAE00D51AFC /* GoogleService-Info.plist */ = {isa = PBXFileReference; lastKnownFileType = text.plist.xml; path = "GoogleService-Info.plist"; sourceTree = "<group>"; };
/* End PBXFileReference section */

/* Begin PBXFileSystemSynchronizedBuildFileExceptionSet section */
		B90ECB5E2DE1AF1600D51AFC /* Exceptions for "Wall" folder in "Wall" target */ = {
			isa = PBXFileSystemSynchronizedBuildFileExceptionSet;
			membershipExceptions = (
				Info.plist,
			);
			target = B90ECAEB2DE19F8400D51AFC /* Wall */;
		};
/* End PBXFileSystemSynchronizedBuildFileExceptionSet section */

/* Begin PBXFileSystemSynchronizedRootGroup section */
		B90ECAEE2DE19F8400D51AFC /* Wall */ = {
			isa = PBXFileSystemSynchronizedRootGroup;
			exceptions = (
				B90ECB5E2DE1AF1600D51AFC /* Exceptions for "Wall" folder in "Wall" target */,
			);
			path = Wall;
			sourceTree = "<group>";
		};
		B90ECAFC2DE19F8600D51AFC /* WallTests */ = {
			isa = PBXFileSystemSynchronizedRootGroup;
			path = WallTests;
			sourceTree = "<group>";
		};
		B90ECB062DE19F8600D51AFC /* WallUITests */ = {
			isa = PBXFileSystemSynchronizedRootGroup;
			path = WallUITests;
			sourceTree = "<group>";
		};
/* End PBXFileSystemSynchronizedRootGroup section */

/* Begin PBXFrameworksBuildPhase section */
		B90ECAE92DE19F8400D51AFC /* Frameworks */ = {
			isa = PBXFrameworksBuildPhase;
			buildActionMask = 2147483647;
			files = (
				B90ECB1B2DE1A49F00D51AFC /* FirebaseAnalytics in Frameworks */,
				B90ECB312DE1A49F00D51AFC /* FirebaseFirestore in Frameworks */,
				B90ECB1D2DE1A49F00D51AFC /* FirebaseAnalyticsOnDeviceConversion in Frameworks */,
				B90ECB582DE1ACE400D51AFC /* GoogleSignIn in Frameworks */,
				B90ECB3B2DE1A49F00D51AFC /* FirebaseInstallations in Frameworks */,
				B90ECB192DE1A49F00D51AFC /* FirebaseAI in Frameworks */,
				B90ECB212DE1A49F00D51AFC /* FirebaseAppCheck in Frameworks */,
				B90ECB392DE1A49F00D51AFC /* FirebaseInAppMessaging-Beta in Frameworks */,
				B90ECB3F2DE1A49F00D51AFC /* FirebaseMLModelDownloader in Frameworks */,
				B90ECB5A2DE1ACED00D51AFC /* GoogleSignInSwift in Frameworks */,
				B90ECB1F2DE1A49F00D51AFC /* FirebaseAnalyticsWithoutAdIdSupport in Frameworks */,
				B90ECB3D2DE1A49F00D51AFC /* FirebaseMessaging in Frameworks */,
				B90ECB472DE1A49F00D51AFC /* FirebaseStorageCombine-Community in Frameworks */,
				B90ECB252DE1A49F00D51AFC /* FirebaseAuth in Frameworks */,
				B90ECB492DE1A49F00D51AFC /* FirebaseVertexAI in Frameworks */,
				B90ECB452DE1A49F00D51AFC /* FirebaseStorage in Frameworks */,
				B90ECB432DE1A49F00D51AFC /* FirebaseRemoteConfig in Frameworks */,
				B90ECB372DE1A49F00D51AFC /* FirebaseFunctionsCombine-Community in Frameworks */,
				B90ECB232DE1A49F00D51AFC /* FirebaseAppDistribution-Beta in Frameworks */,
				B90ECB2B2DE1A49F00D51AFC /* FirebaseCrashlytics in Frameworks */,
				B90ECB412DE1A49F00D51AFC /* FirebasePerformance in Frameworks */,
				B90ECB2D2DE1A49F00D51AFC /* FirebaseDatabase in Frameworks */,
				B90ECB292DE1A49F00D51AFC /* FirebaseCore in Frameworks */,
				B90ECB272DE1A49F00D51AFC /* FirebaseAuthCombine-Community in Frameworks */,
				B90ECB352DE1A49F00D51AFC /* FirebaseFunctions in Frameworks */,
				B90ECB2F2DE1A49F00D51AFC /* FirebaseDynamicLinks in Frameworks */,
				B90ECB332DE1A49F00D51AFC /* FirebaseFirestoreCombine-Community in Frameworks */,
			);
			runOnlyForDeploymentPostprocessing = 0;
		};
		B90ECAF62DE19F8600D51AFC /* Frameworks */ = {
			isa = PBXFrameworksBuildPhase;
			buildActionMask = 2147483647;
			files = (
			);
			runOnlyForDeploymentPostprocessing = 0;
		};
		B90ECB002DE19F8600D51AFC /* Frameworks */ = {
			isa = PBXFrameworksBuildPhase;
			buildActionMask = 2147483647;
			files = (
			);
			runOnlyForDeploymentPostprocessing = 0;
		};
/* End PBXFrameworksBuildPhase section */

/* Begin PBXGroup section */
		B90ECAE32DE19F8300D51AFC = {
			isa = PBXGroup;
			children = (
				B90ECB5B2DE1AEAE00D51AFC /* GoogleService-Info.plist */,
				B90ECAEE2DE19F8400D51AFC /* Wall */,
				B90ECAFC2DE19F8600D51AFC /* WallTests */,
				B90ECB062DE19F8600D51AFC /* WallUITests */,
				B90ECB172DE1A49F00D51AFC /* Frameworks */,
				B90ECAED2DE19F8400D51AFC /* Products */,
			);
			sourceTree = "<group>";
		};
		B90ECAED2DE19F8400D51AFC /* Products */ = {
			isa = PBXGroup;
			children = (
				B90ECAEC2DE19F8400D51AFC /* Wall.app */,
				B90ECAF92DE19F8600D51AFC /* WallTests.xctest */,
				B90ECB032DE19F8600D51AFC /* WallUITests.xctest */,
			);
			name = Products;
			sourceTree = "<group>";
		};
		B90ECB172DE1A49F00D51AFC /* Frameworks */ = {
			isa = PBXGroup;
			children = (
			);
			name = Frameworks;
			sourceTree = "<group>";
		};
/* End PBXGroup section */

/* Begin PBXNativeTarget section */
		B90ECAEB2DE19F8400D51AFC /* Wall */ = {
			isa = PBXNativeTarget;
			buildConfigurationList = B90ECB0D2DE19F8600D51AFC /* Build configuration list for PBXNativeTarget "Wall" */;
			buildPhases = (
				B90ECAE82DE19F8400D51AFC /* Sources */,
				B90ECAE92DE19F8400D51AFC /* Frameworks */,
				B90ECAEA2DE19F8400D51AFC /* Resources */,
			);
			buildRules = (
			);
			dependencies = (
			);
			fileSystemSynchronizedGroups = (
				B90ECAEE2DE19F8400D51AFC /* Wall */,
			);
			name = Wall;
			packageProductDependencies = (
				B90ECB182DE1A49F00D51AFC /* FirebaseAI */,
				B90ECB1A2DE1A49F00D51AFC /* FirebaseAnalytics */,
				B90ECB1C2DE1A49F00D51AFC /* FirebaseAnalyticsOnDeviceConversion */,
				B90ECB1E2DE1A49F00D51AFC /* FirebaseAnalyticsWithoutAdIdSupport */,
				B90ECB202DE1A49F00D51AFC /* FirebaseAppCheck */,
				B90ECB222DE1A49F00D51AFC /* FirebaseAppDistribution-Beta */,
				B90ECB242DE1A49F00D51AFC /* FirebaseAuth */,
				B90ECB262DE1A49F00D51AFC /* FirebaseAuthCombine-Community */,
				B90ECB282DE1A49F00D51AFC /* FirebaseCore */,
				B90ECB2A2DE1A49F00D51AFC /* FirebaseCrashlytics */,
				B90ECB2C2DE1A49F00D51AFC /* FirebaseDatabase */,
				B90ECB2E2DE1A49F00D51AFC /* FirebaseDynamicLinks */,
				B90ECB302DE1A49F00D51AFC /* FirebaseFirestore */,
				B90ECB322DE1A49F00D51AFC /* FirebaseFirestoreCombine-Community */,
				B90ECB342DE1A49F00D51AFC /* FirebaseFunctions */,
				B90ECB362DE1A49F00D51AFC /* FirebaseFunctionsCombine-Community */,
				B90ECB382DE1A49F00D51AFC /* FirebaseInAppMessaging-Beta */,
				B90ECB3A2DE1A49F00D51AFC /* FirebaseInstallations */,
				B90ECB3C2DE1A49F00D51AFC /* FirebaseMessaging */,
				B90ECB3E2DE1A49F00D51AFC /* FirebaseMLModelDownloader */,
				B90ECB402DE1A49F00D51AFC /* FirebasePerformance */,
				B90ECB422DE1A49F00D51AFC /* FirebaseRemoteConfig */,
				B90ECB442DE1A49F00D51AFC /* FirebaseStorage */,
				B90ECB462DE1A49F00D51AFC /* FirebaseStorageCombine-Community */,
				B90ECB482DE1A49F00D51AFC /* FirebaseVertexAI */,
				B90ECB572DE1ACE400D51AFC /* GoogleSignIn */,
				B90ECB592DE1ACED00D51AFC /* GoogleSignInSwift */,
			);
			productName = Wall;
			productReference = B90ECAEC2DE19F8400D51AFC /* Wall.app */;
			productType = "com.apple.product-type.application";
		};
		B90ECAF82DE19F8600D51AFC /* WallTests */ = {
			isa = PBXNativeTarget;
			buildConfigurationList = B90ECB102DE19F8600D51AFC /* Build configuration list for PBXNativeTarget "WallTests" */;
			buildPhases = (
				B90ECAF52DE19F8600D51AFC /* Sources */,
				B90ECAF62DE19F8600D51AFC /* Frameworks */,
				B90ECAF72DE19F8600D51AFC /* Resources */,
			);
			buildRules = (
			);
			dependencies = (
				B90ECAFB2DE19F8600D51AFC /* PBXTargetDependency */,
			);
			fileSystemSynchronizedGroups = (
				B90ECAFC2DE19F8600D51AFC /* WallTests */,
			);
			name = WallTests;
			packageProductDependencies = (
			);
			productName = WallTests;
			productReference = B90ECAF92DE19F8600D51AFC /* WallTests.xctest */;
			productType = "com.apple.product-type.bundle.unit-test";
		};
		B90ECB022DE19F8600D51AFC /* WallUITests */ = {
			isa = PBXNativeTarget;
			buildConfigurationList = B90ECB132DE19F8600D51AFC /* Build configuration list for PBXNativeTarget "WallUITests" */;
			buildPhases = (
				B90ECAFF2DE19F8600D51AFC /* Sources */,
				B90ECB002DE19F8600D51AFC /* Frameworks */,
				B90ECB012DE19F8600D51AFC /* Resources */,
			);
			buildRules = (
			);
			dependencies = (
				B90ECB052DE19F8600D51AFC /* PBXTargetDependency */,
			);
			fileSystemSynchronizedGroups = (
				B90ECB062DE19F8600D51AFC /* WallUITests */,
			);
			name = WallUITests;
			packageProductDependencies = (
			);
			productName = WallUITests;
			productReference = B90ECB032DE19F8600D51AFC /* WallUITests.xctest */;
			productType = "com.apple.product-type.bundle.ui-testing";
		};
/* End PBXNativeTarget section */

/* Begin PBXProject section */
		B90ECAE42DE19F8300D51AFC /* Project object */ = {
			isa = PBXProject;
			attributes = {
				BuildIndependentTargetsInParallel = 1;
				LastSwiftUpdateCheck = 1630;
				LastUpgradeCheck = 1630;
				TargetAttributes = {
					B90ECAEB2DE19F8400D51AFC = {
						CreatedOnToolsVersion = 16.3;
					};
					B90ECAF82DE19F8600D51AFC = {
						CreatedOnToolsVersion = 16.3;
						TestTargetID = B90ECAEB2DE19F8400D51AFC;
					};
					B90ECB022DE19F8600D51AFC = {
						CreatedOnToolsVersion = 16.3;
						TestTargetID = B90ECAEB2DE19F8400D51AFC;
					};
				};
			};
			buildConfigurationList = B90ECAE72DE19F8300D51AFC /* Build configuration list for PBXProject "Wall" */;
			developmentRegion = en;
			hasScannedForEncodings = 0;
			knownRegions = (
				en,
				Base,
			);
			mainGroup = B90ECAE32DE19F8300D51AFC;
			minimizedProjectReferenceProxies = 1;
			packageReferences = (
				B90ECB162DE1A41600D51AFC /* XCRemoteSwiftPackageReference "firebase-ios-sdk" */,
				B90ECB4C2DE1AB2D00D51AFC /* XCRemoteSwiftPackageReference "GoogleSignIn-iOS" */,
			);
			preferredProjectObjectVersion = 77;
			productRefGroup = B90ECAED2DE19F8400D51AFC /* Products */;
			projectDirPath = "";
			projectRoot = "";
			targets = (
				B90ECAEB2DE19F8400D51AFC /* Wall */,
				B90ECAF82DE19F8600D51AFC /* WallTests */,
				B90ECB022DE19F8600D51AFC /* WallUITests */,
			);
		};
/* End PBXProject section */

/* Begin PBXResourcesBuildPhase section */
		B90ECAEA2DE19F8400D51AFC /* Resources */ = {
			isa = PBXResourcesBuildPhase;
			buildActionMask = 2147483647;
			files = (
				B90ECB5C2DE1AEAE00D51AFC /* GoogleService-Info.plist in Resources */,
			);
			runOnlyForDeploymentPostprocessing = 0;
		};
		B90ECAF72DE19F8600D51AFC /* Resources */ = {
			isa = PBXResourcesBuildPhase;
			buildActionMask = 2147483647;
			files = (
			);
			runOnlyForDeploymentPostprocessing = 0;
		};
		B90ECB012DE19F8600D51AFC /* Resources */ = {
			isa = PBXResourcesBuildPhase;
			buildActionMask = 2147483647;
			files = (
			);
			runOnlyForDeploymentPostprocessing = 0;
		};
/* End PBXResourcesBuildPhase section */

/* Begin PBXSourcesBuildPhase section */
		B90ECAE82DE19F8400D51AFC /* Sources */ = {
			isa = PBXSourcesBuildPhase;
			buildActionMask = 2147483647;
			files = (
			);
			runOnlyForDeploymentPostprocessing = 0;
		};
		B90ECAF52DE19F8600D51AFC /* Sources */ = {
			isa = PBXSourcesBuildPhase;
			buildActionMask = 2147483647;
			files = (
			);
			runOnlyForDeploymentPostprocessing = 0;
		};
		B90ECAFF2DE19F8600D51AFC /* Sources */ = {
			isa = PBXSourcesBuildPhase;
			buildActionMask = 2147483647;
			files = (
			);
			runOnlyForDeploymentPostprocessing = 0;
		};
/* End PBXSourcesBuildPhase section */

/* Begin PBXTargetDependency section */
		B90ECAFB2DE19F8600D51AFC /* PBXTargetDependency */ = {
			isa = PBXTargetDependency;
			target = B90ECAEB2DE19F8400D51AFC /* Wall */;
			targetProxy = B90ECAFA2DE19F8600D51AFC /* PBXContainerItemProxy */;
		};
		B90ECB052DE19F8600D51AFC /* PBXTargetDependency */ = {
			isa = PBXTargetDependency;
			target = B90ECAEB2DE19F8400D51AFC /* Wall */;
			targetProxy = B90ECB042DE19F8600D51AFC /* PBXContainerItemProxy */;
		};
/* End PBXTargetDependency section */

/* Begin XCBuildConfiguration section */
		B90ECB0B2DE19F8600D51AFC /* Debug */ = {
			isa = XCBuildConfiguration;
			buildSettings = {
				ALWAYS_SEARCH_USER_PATHS = NO;
				ASSETCATALOG_COMPILER_GENERATE_SWIFT_ASSET_SYMBOL_EXTENSIONS = YES;
				CLANG_ANALYZER_NONNULL = YES;
				CLANG_ANALYZER_NUMBER_OBJECT_CONVERSION = YES_AGGRESSIVE;
				CLANG_CXX_LANGUAGE_STANDARD = "gnu++20";
				CLANG_ENABLE_MODULES = YES;
				CLANG_ENABLE_OBJC_ARC = YES;
				CLANG_ENABLE_OBJC_WEAK = YES;
				CLANG_WARN_BLOCK_CAPTURE_AUTORELEASING = YES;
				CLANG_WARN_BOOL_CONVERSION = YES;
				CLANG_WARN_COMMA = YES;
				CLANG_WARN_CONSTANT_CONVERSION = YES;
				CLANG_WARN_DEPRECATED_OBJC_IMPLEMENTATIONS = YES;
				CLANG_WARN_DIRECT_OBJC_ISA_USAGE = YES_ERROR;
				CLANG_WARN_DOCUMENTATION_COMMENTS = YES;
				CLANG_WARN_EMPTY_BODY = YES;
				CLANG_WARN_ENUM_CONVERSION = YES;
				CLANG_WARN_INFINITE_RECURSION = YES;
				CLANG_WARN_INT_CONVERSION = YES;
				CLANG_WARN_NON_LITERAL_NULL_CONVERSION = YES;
				CLANG_WARN_OBJC_IMPLICIT_RETAIN_SELF = YES;
				CLANG_WARN_OBJC_LITERAL_CONVERSION = YES;
				CLANG_WARN_OBJC_ROOT_CLASS = YES_ERROR;
				CLANG_WARN_QUOTED_INCLUDE_IN_FRAMEWORK_HEADER = YES;
				CLANG_WARN_RANGE_LOOP_ANALYSIS = YES;
				CLANG_WARN_STRICT_PROTOTYPES = YES;
				CLANG_WARN_SUSPICIOUS_MOVE = YES;
				CLANG_WARN_UNGUARDED_AVAILABILITY = YES_AGGRESSIVE;
				CLANG_WARN_UNREACHABLE_CODE = YES;
				CLANG_WARN__DUPLICATE_METHOD_MATCH = YES;
				COPY_PHASE_STRIP = NO;
				DEBUG_INFORMATION_FORMAT = dwarf;
				DEVELOPMENT_TEAM = 56QTNKCP9V;
				ENABLE_STRICT_OBJC_MSGSEND = YES;
				ENABLE_TESTABILITY = YES;
				ENABLE_USER_SCRIPT_SANDBOXING = YES;
				GCC_C_LANGUAGE_STANDARD = gnu17;
				GCC_DYNAMIC_NO_PIC = NO;
				GCC_NO_COMMON_BLOCKS = YES;
				GCC_OPTIMIZATION_LEVEL = 0;
				GCC_PREPROCESSOR_DEFINITIONS = (
					"DEBUG=1",
					"$(inherited)",
				);
				GCC_WARN_64_TO_32_BIT_CONVERSION = YES;
				GCC_WARN_ABOUT_RETURN_TYPE = YES_ERROR;
				GCC_WARN_UNDECLARED_SELECTOR = YES;
				GCC_WARN_UNINITIALIZED_AUTOS = YES_AGGRESSIVE;
				GCC_WARN_UNUSED_FUNCTION = YES;
				GCC_WARN_UNUSED_VARIABLE = YES;
				IPHONEOS_DEPLOYMENT_TARGET = 18.4;
				LOCALIZATION_PREFERS_STRING_CATALOGS = YES;
				MTL_ENABLE_DEBUG_INFO = INCLUDE_SOURCE;
				MTL_FAST_MATH = YES;
				ONLY_ACTIVE_ARCH = YES;
				SDKROOT = iphoneos;
				SWIFT_ACTIVE_COMPILATION_CONDITIONS = "DEBUG $(inherited)";
				SWIFT_OPTIMIZATION_LEVEL = "-Onone";
			};
			name = Debug;
		};
		B90ECB0C2DE19F8600D51AFC /* Release */ = {
			isa = XCBuildConfiguration;
			buildSettings = {
				ALWAYS_SEARCH_USER_PATHS = NO;
				ASSETCATALOG_COMPILER_GENERATE_SWIFT_ASSET_SYMBOL_EXTENSIONS = YES;
				CLANG_ANALYZER_NONNULL = YES;
				CLANG_ANALYZER_NUMBER_OBJECT_CONVERSION = YES_AGGRESSIVE;
				CLANG_CXX_LANGUAGE_STANDARD = "gnu++20";
				CLANG_ENABLE_MODULES = YES;
				CLANG_ENABLE_OBJC_ARC = YES;
				CLANG_ENABLE_OBJC_WEAK = YES;
				CLANG_WARN_BLOCK_CAPTURE_AUTORELEASING = YES;
				CLANG_WARN_BOOL_CONVERSION = YES;
				CLANG_WARN_COMMA = YES;
				CLANG_WARN_CONSTANT_CONVERSION = YES;
				CLANG_WARN_DEPRECATED_OBJC_IMPLEMENTATIONS = YES;
				CLANG_WARN_DIRECT_OBJC_ISA_USAGE = YES_ERROR;
				CLANG_WARN_DOCUMENTATION_COMMENTS = YES;
				CLANG_WARN_EMPTY_BODY = YES;
				CLANG_WARN_ENUM_CONVERSION = YES;
				CLANG_WARN_INFINITE_RECURSION = YES;
				CLANG_WARN_INT_CONVERSION = YES;
				CLANG_WARN_NON_LITERAL_NULL_CONVERSION = YES;
				CLANG_WARN_OBJC_IMPLICIT_RETAIN_SELF = YES;
				CLANG_WARN_OBJC_LITERAL_CONVERSION = YES;
				CLANG_WARN_OBJC_ROOT_CLASS = YES_ERROR;
				CLANG_WARN_QUOTED_INCLUDE_IN_FRAMEWORK_HEADER = YES;
				CLANG_WARN_RANGE_LOOP_ANALYSIS = YES;
				CLANG_WARN_STRICT_PROTOTYPES = YES;
				CLANG_WARN_SUSPICIOUS_MOVE = YES;
				CLANG_WARN_UNGUARDED_AVAILABILITY = YES_AGGRESSIVE;
				CLANG_WARN_UNREACHABLE_CODE = YES;
				CLANG_WARN__DUPLICATE_METHOD_MATCH = YES;
				COPY_PHASE_STRIP = NO;
				DEBUG_INFORMATION_FORMAT = "dwarf-with-dsym";
				DEVELOPMENT_TEAM = 56QTNKCP9V;
				ENABLE_NS_ASSERTIONS = NO;
				ENABLE_STRICT_OBJC_MSGSEND = YES;
				ENABLE_USER_SCRIPT_SANDBOXING = YES;
				GCC_C_LANGUAGE_STANDARD = gnu17;
				GCC_NO_COMMON_BLOCKS = YES;
				GCC_WARN_64_TO_32_BIT_CONVERSION = YES;
				GCC_WARN_ABOUT_RETURN_TYPE = YES_ERROR;
				GCC_WARN_UNDECLARED_SELECTOR = YES;
				GCC_WARN_UNINITIALIZED_AUTOS = YES_AGGRESSIVE;
				GCC_WARN_UNUSED_FUNCTION = YES;
				GCC_WARN_UNUSED_VARIABLE = YES;
				IPHONEOS_DEPLOYMENT_TARGET = 18.4;
				LOCALIZATION_PREFERS_STRING_CATALOGS = YES;
				MTL_ENABLE_DEBUG_INFO = NO;
				MTL_FAST_MATH = YES;
				SDKROOT = iphoneos;
				SWIFT_COMPILATION_MODE = wholemodule;
				VALIDATE_PRODUCT = YES;
			};
			name = Release;
		};
		B90ECB0E2DE19F8600D51AFC /* Debug */ = {
			isa = XCBuildConfiguration;
			buildSettings = {
				ASSETCATALOG_COMPILER_APPICON_NAME = AppIcon;
				ASSETCATALOG_COMPILER_GLOBAL_ACCENT_COLOR_NAME = AccentColor;
				CODE_SIGN_STYLE = Automatic;
				CURRENT_PROJECT_VERSION = 1;
				DEVELOPMENT_TEAM = 56QTNKCP9V;
				ENABLE_PREVIEWS = YES;
				GENERATE_INFOPLIST_FILE = YES;
				INFOPLIST_FILE = Wall/Info.plist;
				INFOPLIST_KEY_UIApplicationSceneManifest_Generation = YES;
				INFOPLIST_KEY_UIApplicationSupportsIndirectInputEvents = YES;
				INFOPLIST_KEY_UILaunchScreen_Generation = YES;
				INFOPLIST_KEY_UISupportedInterfaceOrientations_iPad = "UIInterfaceOrientationPortrait UIInterfaceOrientationPortraitUpsideDown UIInterfaceOrientationLandscapeLeft UIInterfaceOrientationLandscapeRight";
				INFOPLIST_KEY_UISupportedInterfaceOrientations_iPhone = "UIInterfaceOrientationPortrait UIInterfaceOrientationLandscapeLeft UIInterfaceOrientationLandscapeRight";
				IPHONEOS_DEPLOYMENT_TARGET = 15.6;
				LD_RUNPATH_SEARCH_PATHS = (
					"$(inherited)",
					"@executable_path/Frameworks",
				);
				MARKETING_VERSION = 1.0;
				OTHER_LDFLAGS = "-ObjC";
				PRODUCT_BUNDLE_IDENTIFIER = n.Wall;
				PRODUCT_NAME = "$(TARGET_NAME)";
				SWIFT_EMIT_LOC_STRINGS = YES;
				SWIFT_VERSION = 5.0;
				TARGETED_DEVICE_FAMILY = "1,2";
			};
			name = Debug;
		};
		B90ECB0F2DE19F8600D51AFC /* Release */ = {
			isa = XCBuildConfiguration;
			buildSettings = {
				ASSETCATALOG_COMPILER_APPICON_NAME = AppIcon;
				ASSETCATALOG_COMPILER_GLOBAL_ACCENT_COLOR_NAME = AccentColor;
				CODE_SIGN_STYLE = Automatic;
				CURRENT_PROJECT_VERSION = 1;
				DEVELOPMENT_TEAM = 56QTNKCP9V;
				ENABLE_PREVIEWS = YES;
				GENERATE_INFOPLIST_FILE = YES;
				INFOPLIST_FILE = Wall/Info.plist;
				INFOPLIST_KEY_UIApplicationSceneManifest_Generation = YES;
				INFOPLIST_KEY_UIApplicationSupportsIndirectInputEvents = YES;
				INFOPLIST_KEY_UILaunchScreen_Generation = YES;
				INFOPLIST_KEY_UISupportedInterfaceOrientations_iPad = "UIInterfaceOrientationPortrait UIInterfaceOrientationPortraitUpsideDown UIInterfaceOrientationLandscapeLeft UIInterfaceOrientationLandscapeRight";
				INFOPLIST_KEY_UISupportedInterfaceOrientations_iPhone = "UIInterfaceOrientationPortrait UIInterfaceOrientationLandscapeLeft UIInterfaceOrientationLandscapeRight";
				IPHONEOS_DEPLOYMENT_TARGET = 15.6;
				LD_RUNPATH_SEARCH_PATHS = (
					"$(inherited)",
					"@executable_path/Frameworks",
				);
				MARKETING_VERSION = 1.0;
				OTHER_LDFLAGS = "-ObjC";
				PRODUCT_BUNDLE_IDENTIFIER = n.Wall;
				PRODUCT_NAME = "$(TARGET_NAME)";
				SWIFT_EMIT_LOC_STRINGS = YES;
				SWIFT_VERSION = 5.0;
				TARGETED_DEVICE_FAMILY = "1,2";
			};
			name = Release;
		};
		B90ECB112DE19F8600D51AFC /* Debug */ = {
			isa = XCBuildConfiguration;
			buildSettings = {
				BUNDLE_LOADER = "$(TEST_HOST)";
				CODE_SIGN_STYLE = Automatic;
				CURRENT_PROJECT_VERSION = 1;
				DEVELOPMENT_TEAM = 56QTNKCP9V;
				GENERATE_INFOPLIST_FILE = YES;
				IPHONEOS_DEPLOYMENT_TARGET = 18.4;
				MARKETING_VERSION = 1.0;
				PRODUCT_BUNDLE_IDENTIFIER = n.WallTests;
				PRODUCT_NAME = "$(TARGET_NAME)";
				SWIFT_EMIT_LOC_STRINGS = NO;
				SWIFT_VERSION = 5.0;
				TARGETED_DEVICE_FAMILY = "1,2";
				TEST_HOST = "$(BUILT_PRODUCTS_DIR)/Wall.app/$(BUNDLE_EXECUTABLE_FOLDER_PATH)/Wall";
			};
			name = Debug;
		};
		B90ECB122DE19F8600D51AFC /* Release */ = {
			isa = XCBuildConfiguration;
			buildSettings = {
				BUNDLE_LOADER = "$(TEST_HOST)";
				CODE_SIGN_STYLE = Automatic;
				CURRENT_PROJECT_VERSION = 1;
				DEVELOPMENT_TEAM = 56QTNKCP9V;
				GENERATE_INFOPLIST_FILE = YES;
				IPHONEOS_DEPLOYMENT_TARGET = 18.4;
				MARKETING_VERSION = 1.0;
				PRODUCT_BUNDLE_IDENTIFIER = n.WallTests;
				PRODUCT_NAME = "$(TARGET_NAME)";
				SWIFT_EMIT_LOC_STRINGS = NO;
				SWIFT_VERSION = 5.0;
				TARGETED_DEVICE_FAMILY = "1,2";
				TEST_HOST = "$(BUILT_PRODUCTS_DIR)/Wall.app/$(BUNDLE_EXECUTABLE_FOLDER_PATH)/Wall";
			};
			name = Release;
		};
		B90ECB142DE19F8600D51AFC /* Debug */ = {
			isa = XCBuildConfiguration;
			buildSettings = {
				CODE_SIGN_STYLE = Automatic;
				CURRENT_PROJECT_VERSION = 1;
				DEVELOPMENT_TEAM = 56QTNKCP9V;
				GENERATE_INFOPLIST_FILE = YES;
				MARKETING_VERSION = 1.0;
				PRODUCT_BUNDLE_IDENTIFIER = n.WallUITests;
				PRODUCT_NAME = "$(TARGET_NAME)";
				SWIFT_EMIT_LOC_STRINGS = NO;
				SWIFT_VERSION = 5.0;
				TARGETED_DEVICE_FAMILY = "1,2";
				TEST_TARGET_NAME = Wall;
			};
			name = Debug;
		};
		B90ECB152DE19F8600D51AFC /* Release */ = {
			isa = XCBuildConfiguration;
			buildSettings = {
				CODE_SIGN_STYLE = Automatic;
				CURRENT_PROJECT_VERSION = 1;
				DEVELOPMENT_TEAM = 56QTNKCP9V;
				GENERATE_INFOPLIST_FILE = YES;
				MARKETING_VERSION = 1.0;
				PRODUCT_BUNDLE_IDENTIFIER = n.WallUITests;
				PRODUCT_NAME = "$(TARGET_NAME)";
				SWIFT_EMIT_LOC_STRINGS = NO;
				SWIFT_VERSION = 5.0;
				TARGETED_DEVICE_FAMILY = "1,2";
				TEST_TARGET_NAME = Wall;
			};
			name = Release;
		};
/* End XCBuildConfiguration section */

/* Begin XCConfigurationList section */
		B90ECAE72DE19F8300D51AFC /* Build configuration list for PBXProject "Wall" */ = {
			isa = XCConfigurationList;
			buildConfigurations = (
				B90ECB0B2DE19F8600D51AFC /* Debug */,
				B90ECB0C2DE19F8600D51AFC /* Release */,
			);
			defaultConfigurationIsVisible = 0;
			defaultConfigurationName = Release;
		};
		B90ECB0D2DE19F8600D51AFC /* Build configuration list for PBXNativeTarget "Wall" */ = {
			isa = XCConfigurationList;
			buildConfigurations = (
				B90ECB0E2DE19F8600D51AFC /* Debug */,
				B90ECB0F2DE19F8600D51AFC /* Release */,
			);
			defaultConfigurationIsVisible = 0;
			defaultConfigurationName = Release;
		};
		B90ECB102DE19F8600D51AFC /* Build configuration list for PBXNativeTarget "WallTests" */ = {
			isa = XCConfigurationList;
			buildConfigurations = (
				B90ECB112DE19F8600D51AFC /* Debug */,
				B90ECB122DE19F8600D51AFC /* Release */,
			);
			defaultConfigurationIsVisible = 0;
			defaultConfigurationName = Release;
		};
		B90ECB132DE19F8600D51AFC /* Build configuration list for PBXNativeTarget "WallUITests" */ = {
			isa = XCConfigurationList;
			buildConfigurations = (
				B90ECB142DE19F8600D51AFC /* Debug */,
				B90ECB152DE19F8600D51AFC /* Release */,
			);
			defaultConfigurationIsVisible = 0;
			defaultConfigurationName = Release;
		};
/* End XCConfigurationList section */

/* Begin XCRemoteSwiftPackageReference section */
		B90ECB162DE1A41600D51AFC /* XCRemoteSwiftPackageReference "firebase-ios-sdk" */ = {
			isa = XCRemoteSwiftPackageReference;
			repositoryURL = "https://github.com/firebase/firebase-ios-sdk";
			requirement = {
				kind = upToNextMajorVersion;
				minimumVersion = 11.13.0;
			};
		};
		B90ECB4C2DE1AB2D00D51AFC /* XCRemoteSwiftPackageReference "GoogleSignIn-iOS" */ = {
			isa = XCRemoteSwiftPackageReference;
			repositoryURL = "https://github.com/google/GoogleSignIn-iOS";
			requirement = {
				kind = upToNextMajorVersion;
				minimumVersion = 8.0.0;
			};
		};
/* End XCRemoteSwiftPackageReference section */

/* Begin XCSwiftPackageProductDependency section */
		B90ECB182DE1A49F00D51AFC /* FirebaseAI */ = {
			isa = XCSwiftPackageProductDependency;
			package = B90ECB162DE1A41600D51AFC /* XCRemoteSwiftPackageReference "firebase-ios-sdk" */;
			productName = FirebaseAI;
		};
		B90ECB1A2DE1A49F00D51AFC /* FirebaseAnalytics */ = {
			isa = XCSwiftPackageProductDependency;
			package = B90ECB162DE1A41600D51AFC /* XCRemoteSwiftPackageReference "firebase-ios-sdk" */;
			productName = FirebaseAnalytics;
		};
		B90ECB1C2DE1A49F00D51AFC /* FirebaseAnalyticsOnDeviceConversion */ = {
			isa = XCSwiftPackageProductDependency;
			package = B90ECB162DE1A41600D51AFC /* XCRemoteSwiftPackageReference "firebase-ios-sdk" */;
			productName = FirebaseAnalyticsOnDeviceConversion;
		};
		B90ECB1E2DE1A49F00D51AFC /* FirebaseAnalyticsWithoutAdIdSupport */ = {
			isa = XCSwiftPackageProductDependency;
			package = B90ECB162DE1A41600D51AFC /* XCRemoteSwiftPackageReference "firebase-ios-sdk" */;
			productName = FirebaseAnalyticsWithoutAdIdSupport;
		};
		B90ECB202DE1A49F00D51AFC /* FirebaseAppCheck */ = {
			isa = XCSwiftPackageProductDependency;
			package = B90ECB162DE1A41600D51AFC /* XCRemoteSwiftPackageReference "firebase-ios-sdk" */;
			productName = FirebaseAppCheck;
		};
		B90ECB222DE1A49F00D51AFC /* FirebaseAppDistribution-Beta */ = {
			isa = XCSwiftPackageProductDependency;
			package = B90ECB162DE1A41600D51AFC /* XCRemoteSwiftPackageReference "firebase-ios-sdk" */;
			productName = "FirebaseAppDistribution-Beta";
		};
		B90ECB242DE1A49F00D51AFC /* FirebaseAuth */ = {
			isa = XCSwiftPackageProductDependency;
			package = B90ECB162DE1A41600D51AFC /* XCRemoteSwiftPackageReference "firebase-ios-sdk" */;
			productName = FirebaseAuth;
		};
		B90ECB262DE1A49F00D51AFC /* FirebaseAuthCombine-Community */ = {
			isa = XCSwiftPackageProductDependency;
			package = B90ECB162DE1A41600D51AFC /* XCRemoteSwiftPackageReference "firebase-ios-sdk" */;
			productName = "FirebaseAuthCombine-Community";
		};
		B90ECB282DE1A49F00D51AFC /* FirebaseCore */ = {
			isa = XCSwiftPackageProductDependency;
			package = B90ECB162DE1A41600D51AFC /* XCRemoteSwiftPackageReference "firebase-ios-sdk" */;
			productName = FirebaseCore;
		};
		B90ECB2A2DE1A49F00D51AFC /* FirebaseCrashlytics */ = {
			isa = XCSwiftPackageProductDependency;
			package = B90ECB162DE1A41600D51AFC /* XCRemoteSwiftPackageReference "firebase-ios-sdk" */;
			productName = FirebaseCrashlytics;
		};
		B90ECB2C2DE1A49F00D51AFC /* FirebaseDatabase */ = {
			isa = XCSwiftPackageProductDependency;
			package = B90ECB162DE1A41600D51AFC /* XCRemoteSwiftPackageReference "firebase-ios-sdk" */;
			productName = FirebaseDatabase;
		};
		B90ECB2E2DE1A49F00D51AFC /* FirebaseDynamicLinks */ = {
			isa = XCSwiftPackageProductDependency;
			package = B90ECB162DE1A41600D51AFC /* XCRemoteSwiftPackageReference "firebase-ios-sdk" */;
			productName = FirebaseDynamicLinks;
		};
		B90ECB302DE1A49F00D51AFC /* FirebaseFirestore */ = {
			isa = XCSwiftPackageProductDependency;
			package = B90ECB162DE1A41600D51AFC /* XCRemoteSwiftPackageReference "firebase-ios-sdk" */;
			productName = FirebaseFirestore;
		};
		B90ECB322DE1A49F00D51AFC /* FirebaseFirestoreCombine-Community */ = {
			isa = XCSwiftPackageProductDependency;
			package = B90ECB162DE1A41600D51AFC /* XCRemoteSwiftPackageReference "firebase-ios-sdk" */;
			productName = "FirebaseFirestoreCombine-Community";
		};
		B90ECB342DE1A49F00D51AFC /* FirebaseFunctions */ = {
			isa = XCSwiftPackageProductDependency;
			package = B90ECB162DE1A41600D51AFC /* XCRemoteSwiftPackageReference "firebase-ios-sdk" */;
			productName = FirebaseFunctions;
		};
		B90ECB362DE1A49F00D51AFC /* FirebaseFunctionsCombine-Community */ = {
			isa = XCSwiftPackageProductDependency;
			package = B90ECB162DE1A41600D51AFC /* XCRemoteSwiftPackageReference "firebase-ios-sdk" */;
			productName = "FirebaseFunctionsCombine-Community";
		};
		B90ECB382DE1A49F00D51AFC /* FirebaseInAppMessaging-Beta */ = {
			isa = XCSwiftPackageProductDependency;
			package = B90ECB162DE1A41600D51AFC /* XCRemoteSwiftPackageReference "firebase-ios-sdk" */;
			productName = "FirebaseInAppMessaging-Beta";
		};
		B90ECB3A2DE1A49F00D51AFC /* FirebaseInstallations */ = {
			isa = XCSwiftPackageProductDependency;
			package = B90ECB162DE1A41600D51AFC /* XCRemoteSwiftPackageReference "firebase-ios-sdk" */;
			productName = FirebaseInstallations;
		};
		B90ECB3C2DE1A49F00D51AFC /* FirebaseMessaging */ = {
			isa = XCSwiftPackageProductDependency;
			package = B90ECB162DE1A41600D51AFC /* XCRemoteSwiftPackageReference "firebase-ios-sdk" */;
			productName = FirebaseMessaging;
		};
		B90ECB3E2DE1A49F00D51AFC /* FirebaseMLModelDownloader */ = {
			isa = XCSwiftPackageProductDependency;
			package = B90ECB162DE1A41600D51AFC /* XCRemoteSwiftPackageReference "firebase-ios-sdk" */;
			productName = FirebaseMLModelDownloader;
		};
		B90ECB402DE1A49F00D51AFC /* FirebasePerformance */ = {
			isa = XCSwiftPackageProductDependency;
			package = B90ECB162DE1A41600D51AFC /* XCRemoteSwiftPackageReference "firebase-ios-sdk" */;
			productName = FirebasePerformance;
		};
		B90ECB422DE1A49F00D51AFC /* FirebaseRemoteConfig */ = {
			isa = XCSwiftPackageProductDependency;
			package = B90ECB162DE1A41600D51AFC /* XCRemoteSwiftPackageReference "firebase-ios-sdk" */;
			productName = FirebaseRemoteConfig;
		};
		B90ECB442DE1A49F00D51AFC /* FirebaseStorage */ = {
			isa = XCSwiftPackageProductDependency;
			package = B90ECB162DE1A41600D51AFC /* XCRemoteSwiftPackageReference "firebase-ios-sdk" */;
			productName = FirebaseStorage;
		};
		B90ECB462DE1A49F00D51AFC /* FirebaseStorageCombine-Community */ = {
			isa = XCSwiftPackageProductDependency;
			package = B90ECB162DE1A41600D51AFC /* XCRemoteSwiftPackageReference "firebase-ios-sdk" */;
			productName = "FirebaseStorageCombine-Community";
		};
		B90ECB482DE1A49F00D51AFC /* FirebaseVertexAI */ = {
			isa = XCSwiftPackageProductDependency;
			package = B90ECB162DE1A41600D51AFC /* XCRemoteSwiftPackageReference "firebase-ios-sdk" */;
			productName = FirebaseVertexAI;
		};
		B90ECB572DE1ACE400D51AFC /* GoogleSignIn */ = {
			isa = XCSwiftPackageProductDependency;
			package = B90ECB4C2DE1AB2D00D51AFC /* XCRemoteSwiftPackageReference "GoogleSignIn-iOS" */;
			productName = GoogleSignIn;
		};
		B90ECB592DE1ACED00D51AFC /* GoogleSignInSwift */ = {
			isa = XCSwiftPackageProductDependency;
			package = B90ECB4C2DE1AB2D00D51AFC /* XCRemoteSwiftPackageReference "GoogleSignIn-iOS" */;
			productName = GoogleSignInSwift;
		};
/* End XCSwiftPackageProductDependency section */
	};
	rootObject = B90ECAE42DE19F8300D51AFC /* Project object */;
}
